
Microsoft Visual Studio Solution File, Format Version 12.00
# Visual Studio Version 17
VisualStudioVersion = 17.0.31903.59
MinimumVisualStudioVersion = 10.0.40219.1
Project("{FAE04EC0-301F-11D3-BF4B-00C04F79EFBC}") = "Lekcja 4", "Lekcja 4\Lekcja 4.csproj", "{B882AFF4-2564-49FA-AC37-2A9BB4662FB9}"
EndProject
Project("{FAE04EC0-301F-11D3-BF4B-00C04F79EFBC}") = "Lekcja 5", "Lekcja 5\Lekcja 5.csproj", "{8AC52104-6917-4BEE-9529-5533EABEEB74}"
EndProject
Project("{FAE04EC0-301F-11D3-BF4B-00C04F79EFBC}") = "Lekcja5.1", "Lekcja5.1\Lekcja5.1.csproj", "{65B0D269-D975-447A-8AA7-F1FE2919BD61}"
EndProject
Project("{FAE04EC0-301F-11D3-BF4B-00C04F79EFBC}") = "fhjxcj", "fhjxcj\fhjxcj.csproj", "{43D1C977-7505-45C6-9E9D-C5C31FF93C88}"
EndProject
Project("{FAE04EC0-301F-11D3-BF4B-00C04F79EFBC}") = "Lekcja 6", "Lekcja 6\Lekcja 6.csproj", "{9E4E4A1E-4B3C-4022-B349-3CA162CDB78A}"
EndProject
Global
	GlobalSection(SolutionConfigurationPlatforms) = preSolution
		Debug|Any CPU = Debug|Any CPU
		Debug|x64 = Debug|x64
		Debug|x86 = Debug|x86
		Release|Any CPU = Release|Any CPU
		Release|x64 = Release|x64
		Release|x86 = Release|x86
	EndGlobalSection
	GlobalSection(ProjectConfigurationPlatforms) = postSolution
		{B882AFF4-2564-49FA-AC37-2A9BB4662FB9}.Debug|Any CPU.ActiveCfg = Debug|Any CPU
		{B882AFF4-2564-49FA-AC37-2A9BB4662FB9}.Debug|Any CPU.Build.0 = Debug|Any CPU
		{B882AFF4-2564-49FA-AC37-2A9BB4662FB9}.Debug|x64.ActiveCfg = Debug|Any CPU
		{B882AFF4-2564-49FA-AC37-2A9BB4662FB9}.Debug|x64.Build.0 = Debug|Any CPU
		{B882AFF4-2564-49FA-AC37-2A9BB4662FB9}.Debug|x86.ActiveCfg = Debug|Any CPU
		{B882AFF4-2564-49FA-AC37-2A9BB4662FB9}.Debug|x86.Build.0 = Debug|Any CPU
		{B882AFF4-2564-49FA-AC37-2A9BB4662FB9}.Release|Any CPU.ActiveCfg = Release|Any CPU
		{B882AFF4-2564-49FA-AC37-2A9BB4662FB9}.Release|Any CPU.Build.0 = Release|Any CPU
		{B882AFF4-2564-49FA-AC37-2A9BB4662FB9}.Release|x64.ActiveCfg = Release|Any CPU
		{B882AFF4-2564-49FA-AC37-2A9BB4662FB9}.Release|x64.Build.0 = Release|Any CPU
		{B882AFF4-2564-49FA-AC37-2A9BB4662FB9}.Release|x86.ActiveCfg = Release|Any CPU
		{B882AFF4-2564-49FA-AC37-2A9BB4662FB9}.Release|x86.Build.0 = Release|Any CPU
		{8AC52104-6917-4BEE-9529-5533EABEEB74}.Debug|Any CPU.ActiveCfg = Debug|Any CPU
		{8AC52104-6917-4BEE-9529-5533EABEEB74}.Debug|Any CPU.Build.0 = Debug|Any CPU
		{8AC52104-6917-4BEE-9529-5533EABEEB74}.Debug|x64.ActiveCfg = Debug|Any CPU
		{8AC52104-6917-4BEE-9529-5533EABEEB74}.Debug|x64.Build.0 = Debug|Any CPU
		{8AC52104-6917-4BEE-9529-5533EABEEB74}.Debug|x86.ActiveCfg = Debug|Any CPU
		{8AC52104-6917-4BEE-9529-5533EABEEB74}.Debug|x86.Build.0 = Debug|Any CPU
		{8AC52104-6917-4BEE-9529-5533EABEEB74}.Release|Any CPU.ActiveCfg = Release|Any CPU
		{8AC52104-6917-4BEE-9529-5533EABEEB74}.Release|Any CPU.Build.0 = Release|Any CPU
		{8AC52104-6917-4BEE-9529-5533EABEEB74}.Release|x64.ActiveCfg = Release|Any CPU
		{8AC52104-6917-4BEE-9529-5533EABEEB74}.Release|x64.Build.0 = Release|Any CPU
		{8AC52104-6917-4BEE-9529-5533EABEEB74}.Release|x86.ActiveCfg = Release|Any CPU
		{8AC52104-6917-4BEE-9529-5533EABEEB74}.Release|x86.Build.0 = Release|Any CPU
		{65B0D269-D975-447A-8AA7-F1FE2919BD61}.Debug|Any CPU.ActiveCfg = Debug|Any CPU
		{65B0D269-D975-447A-8AA7-F1FE2919BD61}.Debug|Any CPU.Build.0 = Debug|Any CPU
		{65B0D269-D975-447A-8AA7-F1FE2919BD61}.Debug|x64.ActiveCfg = Debug|Any CPU
		{65B0D269-D975-447A-8AA7-F1FE2919BD61}.Debug|x64.Build.0 = Debug|Any CPU
		{65B0D269-D975-447A-8AA7-F1FE2919BD61}.Debug|x86.ActiveCfg = Debug|Any CPU
		{65B0D269-D975-447A-8AA7-F1FE2919BD61}.Debug|x86.Build.0 = Debug|Any CPU
		{65B0D269-D975-447A-8AA7-F1FE2919BD61}.Release|Any CPU.ActiveCfg = Release|Any CPU
		{65B0D269-D975-447A-8AA7-F1FE2919BD61}.Release|Any CPU.Build.0 = Release|Any CPU
		{65B0D269-D975-447A-8AA7-F1FE2919BD61}.Release|x64.ActiveCfg = Release|Any CPU
		{65B0D269-D975-447A-8AA7-F1FE2919BD61}.Release|x64.Build.0 = Release|Any CPU
		{65B0D269-D975-447A-8AA7-F1FE2919BD61}.Release|x86.ActiveCfg = Release|Any CPU
		{65B0D269-D975-447A-8AA7-F1FE2919BD61}.Release|x86.Build.0 = Release|Any CPU
		{43D1C977-7505-45C6-9E9D-C5C31FF93C88}.Debug|Any CPU.ActiveCfg = Debug|Any CPU
		{43D1C977-7505-45C6-9E9D-C5C31FF93C88}.Debug|Any CPU.Build.0 = Debug|Any CPU
		{43D1C977-7505-45C6-9E9D-C5C31FF93C88}.Debug|x64.ActiveCfg = Debug|Any CPU
		{43D1C977-7505-45C6-9E9D-C5C31FF93C88}.Debug|x64.Build.0 = Debug|Any CPU
		{43D1C977-7505-45C6-9E9D-C5C31FF93C88}.Debug|x86.ActiveCfg = Debug|Any CPU
		{43D1C977-7505-45C6-9E9D-C5C31FF93C88}.Debug|x86.Build.0 = Debug|Any CPU
		{43D1C977-7505-45C6-9E9D-C5C31FF93C88}.Release|Any CPU.ActiveCfg = Release|Any CPU
		{43D1C977-7505-45C6-9E9D-C5C31FF93C88}.Release|Any CPU.Build.0 = Release|Any CPU
		{43D1C977-7505-45C6-9E9D-C5C31FF93C88}.Release|x64.ActiveCfg = Release|Any CPU
		{43D1C977-7505-45C6-9E9D-C5C31FF93C88}.Release|x64.Build.0 = Release|Any CPU
		{43D1C977-7505-45C6-9E9D-C5C31FF93C88}.Release|x86.ActiveCfg = Release|Any CPU
		{43D1C977-7505-45C6-9E9D-C5C31FF93C88}.Release|x86.Build.0 = Release|Any CPU
		{9E4E4A1E-4B3C-4022-B349-3CA162CDB78A}.Debug|Any CPU.ActiveCfg = Debug|Any CPU
		{9E4E4A1E-4B3C-4022-B349-3CA162CDB78A}.Debug|Any CPU.Build.0 = Debug|Any CPU
		{9E4E4A1E-4B3C-4022-B349-3CA162CDB78A}.Debug|x64.ActiveCfg = Debug|Any CPU
		{9E4E4A1E-4B3C-4022-B349-3CA162CDB78A}.Debug|x64.Build.0 = Debug|Any CPU
		{9E4E4A1E-4B3C-4022-B349-3CA162CDB78A}.Debug|x86.ActiveCfg = Debug|Any CPU
		{9E4E4A1E-4B3C-4022-B349-3CA162CDB78A}.Debug|x86.Build.0 = Debug|Any CPU
		{9E4E4A1E-4B3C-4022-B349-3CA162CDB78A}.Release|Any CPU.ActiveCfg = Release|Any CPU
		{9E4E4A1E-4B3C-4022-B349-3CA162CDB78A}.Release|Any CPU.Build.0 = Release|Any CPU
		{9E4E4A1E-4B3C-4022-B349-3CA162CDB78A}.Release|x64.ActiveCfg = Release|Any CPU
		{9E4E4A1E-4B3C-4022-B349-3CA162CDB78A}.Release|x64.Build.0 = Release|Any CPU
		{9E4E4A1E-4B3C-4022-B349-3CA162CDB78A}.Release|x86.ActiveCfg = Release|Any CPU
		{9E4E4A1E-4B3C-4022-B349-3CA162CDB78A}.Release|x86.Build.0 = Release|Any CPU
	EndGlobalSection
	GlobalSection(SolutionProperties) = preSolution
		HideSolutionNode = FALSE
	EndGlobalSection
EndGlobal
